{
  "version": 4,
  "terraform_version": "1.3.7",
  "serial": 51,
  "lineage": "8227124b-0612-27e7-494f-fea27625ae87",
  "outputs": {},
  "resources": [
    {
      "module": "module.firewall",
      "mode": "managed",
      "type": "google_compute_firewall",
      "name": "allow-ssh-using-iap",
      "provider": "provider[\"registry.terraform.io/hashicorp/google\"]",
      "instances": [
        {
          "schema_version": 1,
          "attributes": {
            "allow": [
              {
                "ports": [
                  "22"
                ],
                "protocol": "tcp"
              }
            ],
            "creation_timestamp": "2023-02-08T11:54:21.859-08:00",
            "deny": [],
            "description": "",
            "destination_ranges": [],
            "direction": "INGRESS",
            "disabled": false,
            "enable_logging": null,
            "id": "projects/salma-youssef-project/global/firewalls/allow-ssh-using-iap",
            "log_config": [],
            "name": "allow-ssh-using-iap",
            "network": "https://www.googleapis.com/compute/v1/projects/salma-youssef-project/global/networks/my-vpc",
            "priority": 1000,
            "project": "salma-youssef-project",
            "self_link": "https://www.googleapis.com/compute/v1/projects/salma-youssef-project/global/firewalls/allow-ssh-using-iap",
            "source_ranges": [
              "0.0.0.0/0",
              "35.235.240.0/20"
            ],
            "source_service_accounts": [],
            "source_tags": [
              "private-vm"
            ],
            "target_service_accounts": [],
            "target_tags": [],
            "timeouts": null
          },
          "sensitive_attributes": [],
          "private": "eyJlMmJmYjczMC1lY2FhLTExZTYtOGY4OC0zNDM2M2JjN2M0YzAiOnsiY3JlYXRlIjoxMjAwMDAwMDAwMDAwLCJkZWxldGUiOjEyMDAwMDAwMDAwMDAsInVwZGF0ZSI6MTIwMDAwMDAwMDAwMH0sInNjaGVtYV92ZXJzaW9uIjoiMSJ9",
          "dependencies": [
            "module.vpc.google_compute_network.main-vpc"
          ]
        }
      ]
    },
    {
      "module": "module.nat",
      "mode": "managed",
      "type": "google_compute_router",
      "name": "router",
      "provider": "provider[\"registry.terraform.io/hashicorp/google\"]",
      "instances": [
        {
          "schema_version": 0,
          "attributes": {
            "bgp": [
              {
                "advertise_mode": "DEFAULT",
                "advertised_groups": [],
                "advertised_ip_ranges": [],
                "asn": 64514,
                "keepalive_interval": 20
              }
            ],
            "creation_timestamp": "2023-02-08T09:33:12.025-08:00",
            "description": "",
            "encrypted_interconnect_router": false,
            "id": "projects/salma-youssef-project/regions/us-east1/routers/nat-router",
            "name": "nat-router",
            "network": "https://www.googleapis.com/compute/v1/projects/salma-youssef-project/global/networks/my-vpc",
            "project": "salma-youssef-project",
            "region": "us-east1",
            "self_link": "https://www.googleapis.com/compute/v1/projects/salma-youssef-project/regions/us-east1/routers/nat-router",
            "timeouts": null
          },
          "sensitive_attributes": [],
          "private": "eyJlMmJmYjczMC1lY2FhLTExZTYtOGY4OC0zNDM2M2JjN2M0YzAiOnsiY3JlYXRlIjoxMjAwMDAwMDAwMDAwLCJkZWxldGUiOjEyMDAwMDAwMDAwMDAsInVwZGF0ZSI6MTIwMDAwMDAwMDAwMH19",
          "dependencies": [
            "module.subnet.google_compute_subnetwork.management-subnet",
            "module.vpc.google_compute_network.main-vpc"
          ]
        }
      ]
    },
    {
      "module": "module.nat",
      "mode": "managed",
      "type": "google_compute_router_nat",
      "name": "nat",
      "provider": "provider[\"registry.terraform.io/hashicorp/google\"]",
      "instances": [
        {
          "schema_version": 0,
          "attributes": {
            "drain_nat_ips": [],
            "enable_dynamic_port_allocation": false,
            "enable_endpoint_independent_mapping": true,
            "icmp_idle_timeout_sec": 30,
            "id": "salma-youssef-project/us-east1/nat-router/my-nat",
            "log_config": [],
            "max_ports_per_vm": 0,
            "min_ports_per_vm": 0,
            "name": "my-nat",
            "nat_ip_allocate_option": "AUTO_ONLY",
            "nat_ips": [],
            "project": "salma-youssef-project",
            "region": "us-east1",
            "router": "nat-router",
            "rules": [],
            "source_subnetwork_ip_ranges_to_nat": "LIST_OF_SUBNETWORKS",
            "subnetwork": [
              {
                "name": "https://www.googleapis.com/compute/v1/projects/salma-youssef-project/regions/us-east1/subnetworks/management-subnet",
                "secondary_ip_range_names": [],
                "source_ip_ranges_to_nat": [
                  "ALL_IP_RANGES"
                ]
              }
            ],
            "tcp_established_idle_timeout_sec": 1200,
            "tcp_time_wait_timeout_sec": 120,
            "tcp_transitory_idle_timeout_sec": 30,
            "timeouts": null,
            "udp_idle_timeout_sec": 30
          },
          "sensitive_attributes": [],
          "private": "eyJlMmJmYjczMC1lY2FhLTExZTYtOGY4OC0zNDM2M2JjN2M0YzAiOnsiY3JlYXRlIjoxMjAwMDAwMDAwMDAwLCJkZWxldGUiOjEyMDAwMDAwMDAwMDAsInVwZGF0ZSI6MTIwMDAwMDAwMDAwMH19",
          "dependencies": [
            "module.nat.google_compute_router.router",
            "module.subnet.google_compute_subnetwork.management-subnet",
            "module.vpc.google_compute_network.main-vpc"
          ]
        }
      ]
    },
    {
      "module": "module.sa",
      "mode": "managed",
      "type": "google_project_iam_binding",
      "name": "sa_iam",
      "provider": "provider[\"registry.terraform.io/hashicorp/google\"]",
      "instances": [
        {
          "index_key": "role1",
          "schema_version": 0,
          "attributes": {
            "condition": [],
            "etag": "BwX0L8F6mmM=",
            "id": "salma-youssef-project/roles/container.admin",
            "members": [
              "serviceAccount:gke-vm-sa@salma-youssef-project.iam.gserviceaccount.com"
            ],
            "project": "salma-youssef-project",
            "role": "roles/container.admin"
          },
          "sensitive_attributes": [],
          "private": "bnVsbA==",
          "dependencies": [
            "module.sa.google_service_account.sa"
          ]
        },
        {
          "index_key": "role2",
          "schema_version": 0,
          "attributes": {
            "condition": [],
            "etag": "BwX0L8F6mmM=",
            "id": "salma-youssef-project/roles/compute.admin",
            "members": [
              "serviceAccount:gke-vm-sa@salma-youssef-project.iam.gserviceaccount.com"
            ],
            "project": "salma-youssef-project",
            "role": "roles/compute.admin"
          },
          "sensitive_attributes": [],
          "private": "bnVsbA==",
          "dependencies": [
            "module.sa.google_service_account.sa"
          ]
        }
      ]
    },
    {
      "module": "module.sa",
      "mode": "managed",
      "type": "google_service_account",
      "name": "sa",
      "provider": "provider[\"registry.terraform.io/hashicorp/google\"]",
      "instances": [
        {
          "schema_version": 0,
          "attributes": {
            "account_id": "gke-vm-sa",
            "description": "",
            "disabled": false,
            "display_name": "",
            "email": "gke-vm-sa@salma-youssef-project.iam.gserviceaccount.com",
            "id": "projects/salma-youssef-project/serviceAccounts/gke-vm-sa@salma-youssef-project.iam.gserviceaccount.com",
            "member": "serviceAccount:gke-vm-sa@salma-youssef-project.iam.gserviceaccount.com",
            "name": "projects/salma-youssef-project/serviceAccounts/gke-vm-sa@salma-youssef-project.iam.gserviceaccount.com",
            "project": "salma-youssef-project",
            "timeouts": null,
            "unique_id": "106125580304236877052"
          },
          "sensitive_attributes": [],
          "private": "eyJlMmJmYjczMC1lY2FhLTExZTYtOGY4OC0zNDM2M2JjN2M0YzAiOnsiY3JlYXRlIjozMDAwMDAwMDAwMDB9fQ=="
        }
      ]
    },
    {
      "module": "module.sa",
      "mode": "managed",
      "type": "google_service_account_key",
      "name": "sa_key",
      "provider": "provider[\"registry.terraform.io/hashicorp/google\"]",
      "instances": [
        {
          "schema_version": 0,
          "attributes": {
            "id": "projects/salma-youssef-project/serviceAccounts/gke-vm-sa@salma-youssef-project.iam.gserviceaccount.com/keys/6662e61d761aa9f535075e36658359d1899b75b4",
            "keepers": null,
            "key_algorithm": "KEY_ALG_RSA_2048",
            "name": "projects/salma-youssef-project/serviceAccounts/gke-vm-sa@salma-youssef-project.iam.gserviceaccount.com/keys/6662e61d761aa9f535075e36658359d1899b75b4",
            "private_key": "ewogICJ0eXBlIjogInNlcnZpY2VfYWNjb3VudCIsCiAgInByb2plY3RfaWQiOiAic2FsbWEteW91c3NlZi1wcm9qZWN0IiwKICAicHJpdmF0ZV9rZXlfaWQiOiAiNjY2MmU2MWQ3NjFhYTlmNTM1MDc1ZTM2NjU4MzU5ZDE4OTliNzViNCIsCiAgInByaXZhdGVfa2V5IjogIi0tLS0tQkVHSU4gUFJJVkFURSBLRVktLS0tLVxuTUlJRXZnSUJBREFOQmdrcWhraUc5dzBCQVFFRkFBU0NCS2d3Z2dTa0FnRUFBb0lCQVFDbWV1UWE2Q3J2a3lpQlxuMzFWZThQTm5oeVJUaThPeXhKcnhXKzAxSXI2MUVOS2tnNmpseGpsZXVNV2ljQVFRUFBiUlA2YUd3d0xYQUZnclxuTFFLcjJIbnlxaUxRRDdQWWIwT2tsWithN3JCdGNjM3RkL1ZJeitVaXNWZ0MwQ2NUaGI5Tk85T3lnS25iYk5GalxuRXdoc2o4ektJMkJ4RkRxVmV5ZDJBTDVSdzN1Mkp1ckxTRkkwZXpreWVVU3dWOTRoeVFZZGIzS2d0RDRidmhON1xuOXZVdmlvc0k2OFFEQ3pZd1RQVFRESmtFU25udTVHUUNxYU1xK1JqNUNZaUFyNE1peGxqVzF0RU1GMUNKNFpLK1xubnpFaFh2LzVDNGM5WDU4a3FqSHFEUGZNSEdza2VtWGp3V3hPblE0RWVnWkNweWZDSlptSWNjVFNBbnhrRFhFVVxuL2JBT0hySHBBZ01CQUFFQ2dnRUFBMUEvWjYwR3ViNU9XRjRPYVB5ZVk1ZWRERE9IeFA1OWlsRjRyditPcGRCOFxuZzNZUWZlY290cG5kTWdhaVpFcktWaVRYYzBReWVvem1Yd0tDbTdZMnJyTUphVmZ3Y1YyOUhFOGFTUFpOeDJ0dFxuRGpnd1J2Mk5uOG1JbXRtNmhXQWVLSTlzY05lVDlJNTJuMDhGZ0orbUUydW1nQVljeFE0WlNDSE80TThzZ2gwdlxuSTFjdEdCN2ZncE9Ya3F6b292TkMxejduQnpsbmxQMlM2a3lMaENpVkduV3NhazhhTldvN2NrQmRaOVJIWTZmYVxuYzAyL2FSZlY0VEFaaWdkcS9HUndsdDd5UXdJcHJxNEV4ZU9wdWEwNnJ3dWVyenhtakN3TzlzdzhQUUt1ZGtPd1xub1NmZ1RVWWk3cUFBd25iU2ViRmNpcWdiQ0l0Z1lPVmFXYkZxY0RMWFh3S0JnUURsWi9LWmh4NExCbEFLcmx0T1xucXRIQWVHci9oTEN2eDFWcVQrQkZjTjdKMWpCV0orNmVPbWc4OGVTWmhuYXptV3p0Uk5KVEQyTStaQ2RGOFQrNlxuY2ZBUU1xSXRyN0RhZ3h5SkFZMDBob3JBME0rWktiOE90TnFPYzEwcCswQllqY3pCdXZoT2hjcEtEZzB5VE1ONFxuOFdtdjZCVGVpQ1RzRjM1UEJXelQ4eGJoTXdLQmdRQzV4Mzh6SGtPSUpXR0RXMDk4RXRFYmtUT3NRRG5xSDdjS1xuc2V5ZExoaEVubmZyRXRNTUJmek1Yc0dqb0JVRmJESTNzMEkyQm9QeDZRSGVMalY3RXdPN2lOcGRiNGRVZHM1TlxuNUVmSWdkNkxpU3U1NEx4RXZnV2E4WStxS0VGQzNrNHJvWkpwWHF0ZEtIT1ppL2dQN2J4ODh2V3NRTktPTk9odFxuUmlsSTZOcFljd0tCZ0ZuSFJIb3hGdURacDVtR2d0VldwSi9lZ0lGZlBJYU9UQzgrODFZNXhmYlhqRE1yalliK1xuOUt4bFBrR1hEZjFibmZWOWFaSjRBeTczb3ljTU14U1VZbzcwUWVQL1RnYzJLSVMxeHIwM3FqV3JncE0rY3pjZVxuTUNwdm01WkNiZnc2QWxnUEEvNDIvZVBkZSt5amZoeG0zaVdwZmdGWTVwbysxMysxYjlIQzRNRmhBb0dCQUphMVxuL3J6TGVtR0NZYjhjWGpqN1V1UVlRV0Vsb1ZZTGNJU2VucU5NZDZlREh5bDIxZnRWQ0NZTFlPK0t1RUx6NlRGQ1xublI0UzN3dHF5WGNpNllQMGd2eXFJdXZWeEdXREZBNGdlUk55TjhYZSs3Z0pWdkkxYlhxcktLOFRoUTNvSm1aQ1xuNXZIUU9SaVQ3bVBNSnV0Vkk2b0J0OGVMdHNSaXE0T3FmV2VHYjB0OUFvR0JBS3hWNEltbE1hVG9KaU5wZk8rQlxubnFzUmFoYUFnR3VlcTFSTUlpSyt6dS9GNmQ0djlETisrRS9XemR3emw0ZS91VEttZ1dUM2lHOGV1bWNQRVdKRVxuMmFhZDNEL3F5alhvZm9ONzRURUpoWFhXSjcrcG0wczZ0c0JNeFM5Y0l2bnMyK2ZNOHkxaUwzNzdkakhCZTJCT1xudVZaSEtYRkw3NFhGM1pXMFpycHhFR0JTXG4tLS0tLUVORCBQUklWQVRFIEtFWS0tLS0tXG4iLAogICJjbGllbnRfZW1haWwiOiAiZ2tlLXZtLXNhQHNhbG1hLXlvdXNzZWYtcHJvamVjdC5pYW0uZ3NlcnZpY2VhY2NvdW50LmNvbSIsCiAgImNsaWVudF9pZCI6ICIxMDYxMjU1ODAzMDQyMzY4NzcwNTIiLAogICJhdXRoX3VyaSI6ICJodHRwczovL2FjY291bnRzLmdvb2dsZS5jb20vby9vYXV0aDIvYXV0aCIsCiAgInRva2VuX3VyaSI6ICJodHRwczovL29hdXRoMi5nb29nbGVhcGlzLmNvbS90b2tlbiIsCiAgImF1dGhfcHJvdmlkZXJfeDUwOV9jZXJ0X3VybCI6ICJodHRwczovL3d3dy5nb29nbGVhcGlzLmNvbS9vYXV0aDIvdjEvY2VydHMiLAogICJjbGllbnRfeDUwOV9jZXJ0X3VybCI6ICJodHRwczovL3d3dy5nb29nbGVhcGlzLmNvbS9yb2JvdC92MS9tZXRhZGF0YS94NTA5L2drZS12bS1zYSU0MHNhbG1hLXlvdXNzZWYtcHJvamVjdC5pYW0uZ3NlcnZpY2VhY2NvdW50LmNvbSIKfQo=",
            "private_key_type": "TYPE_GOOGLE_CREDENTIALS_FILE",
            "public_key": "LS0tLS1CRUdJTiBDRVJUSUZJQ0FURS0tLS0tCk1JSUMvRENDQWVTZ0F3SUJBZ0lJRHRqUm5EbnpVbjB3RFFZSktvWklodmNOQVFFRkJRQXdJREVlTUJ3R0ExVUUKQXhNVk1UQTJNVEkxTlRnd016QTBNak0yT0RjM01EVXlNQ0FYRFRJek1ESXdPREV5TlRnek9Gb1lEems1T1RreApNak14TWpNMU9UVTVXakFnTVI0d0hBWURWUVFERXhVeE1EWXhNalUxT0RBek1EUXlNelk0Tnpjd05USXdnZ0VpCk1BMEdDU3FHU0liM0RRRUJBUVVBQTRJQkR3QXdnZ0VLQW9JQkFRQ21ldVFhNkNydmt5aUIzMVZlOFBObmh5UlQKaThPeXhKcnhXKzAxSXI2MUVOS2tnNmpseGpsZXVNV2ljQVFRUFBiUlA2YUd3d0xYQUZnckxRS3IySG55cWlMUQpEN1BZYjBPa2xaK2E3ckJ0Y2MzdGQvVkl6K1Vpc1ZnQzBDY1RoYjlOTzlPeWdLbmJiTkZqRXdoc2o4ektJMkJ4CkZEcVZleWQyQUw1UnczdTJKdXJMU0ZJMGV6a3llVVN3Vjk0aHlRWWRiM0tndEQ0YnZoTjc5dlV2aW9zSTY4UUQKQ3pZd1RQVFRESmtFU25udTVHUUNxYU1xK1JqNUNZaUFyNE1peGxqVzF0RU1GMUNKNFpLK256RWhYdi81QzRjOQpYNThrcWpIcURQZk1IR3NrZW1YandXeE9uUTRFZWdaQ3B5ZkNKWm1JY2NUU0FueGtEWEVVL2JBT0hySHBBZ01CCkFBR2pPREEyTUF3R0ExVWRFd0VCL3dRQ01BQXdEZ1lEVlIwUEFRSC9CQVFEQWdlQU1CWUdBMVVkSlFFQi93UU0KTUFvR0NDc0dBUVVGQndNQ01BMEdDU3FHU0liM0RRRUJCUVVBQTRJQkFRQUVBZ2tuWnN1UE9NOU10YVdJZlVPbwpJUFZTVlNMNTdFZXR3NktJR0pOS2tDUnVpQ216VjhPYVRVZWlFalJHR0E0b3RxdVppKzdlVjhBS1J0MnIzdUw3CmJYeFJkclFyci9jZ2NZUEpWZVlIUjc5TVlIeXBMZ1ZnVzlaZUdPRXhFZFp5MXFON0VTYUpvRjhLT3lMeGlsRTQKMjNrSXZvMUhUOTJvQXRXYVVNV05pYjNGSXVFdzNESTllNk1uTE50cWFVMkFMNkowYTVUbnR4TXRPU0xlUE56RgpHZk9SMVE0SFNRdG5LK09Qd1ZZSGlzWE1WTGlrQUNKb2RneG5DS0dmclM5OCtHSXR5bHp2TERVRGN1YkZKbjJ2CkViL1VrQXluSGlJcGFGTEo2eEsrOG5QZW5SZ1lrNXlJQkFVQWdYN3BXYzVCNE5oOVByaGt4Vm4yNkM3Rm1SQ2YKLS0tLS1FTkQgQ0VSVElGSUNBVEUtLS0tLQo=",
            "public_key_data": null,
            "public_key_type": "TYPE_X509_PEM_FILE",
            "service_account_id": "projects/salma-youssef-project/serviceAccounts/gke-vm-sa@salma-youssef-project.iam.gserviceaccount.com",
            "valid_after": "2023-02-08T12:58:38Z",
            "valid_before": "9999-12-31T23:59:59Z"
          },
          "sensitive_attributes": [],
          "private": "bnVsbA==",
          "dependencies": [
            "module.sa.google_service_account.sa"
          ]
        }
      ]
    },
    {
      "module": "module.sa",
      "mode": "managed",
      "type": "local_file",
      "name": "myaccountjson",
      "provider": "provider[\"registry.terraform.io/hashicorp/local\"]",
      "instances": [
        {
          "schema_version": 0,
          "attributes": {
            "content": "{\n  \"type\": \"service_account\",\n  \"project_id\": \"salma-youssef-project\",\n  \"private_key_id\": \"6662e61d761aa9f535075e36658359d1899b75b4\",\n  \"private_key\": \"-----BEGIN PRIVATE KEY-----\\nMIIEvgIBADANBgkqhkiG9w0BAQEFAASCBKgwggSkAgEAAoIBAQCmeuQa6CrvkyiB\\n31Ve8PNnhyRTi8OyxJrxW+01Ir61ENKkg6jlxjleuMWicAQQPPbRP6aGwwLXAFgr\\nLQKr2HnyqiLQD7PYb0OklZ+a7rBtcc3td/VIz+UisVgC0CcThb9NO9OygKnbbNFj\\nEwhsj8zKI2BxFDqVeyd2AL5Rw3u2JurLSFI0ezkyeUSwV94hyQYdb3KgtD4bvhN7\\n9vUviosI68QDCzYwTPTTDJkESnnu5GQCqaMq+Rj5CYiAr4MixljW1tEMF1CJ4ZK+\\nnzEhXv/5C4c9X58kqjHqDPfMHGskemXjwWxOnQ4EegZCpyfCJZmIccTSAnxkDXEU\\n/bAOHrHpAgMBAAECggEAA1A/Z60Gub5OWF4OaPyeY5edDDOHxP59ilF4rv+OpdB8\\ng3YQfecotpndMgaiZErKViTXc0QyeozmXwKCm7Y2rrMJaVfwcV29HE8aSPZNx2tt\\nDjgwRv2Nn8mImtm6hWAeKI9scNeT9I52n08FgJ+mE2umgAYcxQ4ZSCHO4M8sgh0v\\nI1ctGB7fgpOXkqzoovNC1z7nBzlnlP2S6kyLhCiVGnWsak8aNWo7ckBdZ9RHY6fa\\nc02/aRfV4TAZigdq/GRwlt7yQwIprq4ExeOpua06rwuerzxmjCwO9sw8PQKudkOw\\noSfgTUYi7qAAwnbSebFciqgbCItgYOVaWbFqcDLXXwKBgQDlZ/KZhx4LBlAKrltO\\nqtHAeGr/hLCvx1VqT+BFcN7J1jBWJ+6eOmg88eSZhnazmWztRNJTD2M+ZCdF8T+6\\ncfAQMqItr7DagxyJAY00horA0M+ZKb8OtNqOc10p+0BYjczBuvhOhcpKDg0yTMN4\\n8Wmv6BTeiCTsF35PBWzT8xbhMwKBgQC5x38zHkOIJWGDW098EtEbkTOsQDnqH7cK\\nseydLhhEnnfrEtMMBfzMXsGjoBUFbDI3s0I2BoPx6QHeLjV7EwO7iNpdb4dUds5N\\n5EfIgd6LiSu54LxEvgWa8Y+qKEFC3k4roZJpXqtdKHOZi/gP7bx88vWsQNKONOht\\nRilI6NpYcwKBgFnHRHoxFuDZp5mGgtVWpJ/egIFfPIaOTC8+81Y5xfbXjDMrjYb+\\n9KxlPkGXDf1bnfV9aZJ4Ay73oycMMxSUYo70QeP/Tgc2KIS1xr03qjWrgpM+czce\\nMCpvm5ZCbfw6AlgPA/42/ePde+yjfhxm3iWpfgFY5po+13+1b9HC4MFhAoGBAJa1\\n/rzLemGCYb8cXjj7UuQYQWEloVYLcISenqNMd6eDHyl21ftVCCYLYO+KuELz6TFC\\nnR4S3wtqyXci6YP0gvyqIuvVxGWDFA4geRNyN8Xe+7gJVvI1bXqrKK8ThQ3oJmZC\\n5vHQORiT7mPMJutVI6oBt8eLtsRiq4OqfWeGb0t9AoGBAKxV4ImlMaToJiNpfO+B\\nnqsRahaAgGueq1RMIiK+zu/F6d4v9DN++E/Wzdwzl4e/uTKmgWT3iG8eumcPEWJE\\n2aad3D/qyjXofoN74TEJhXXWJ7+pm0s6tsBMxS9cIvns2+fM8y1iL377djHBe2BO\\nuVZHKXFL74XF3ZW0ZrpxEGBS\\n-----END PRIVATE KEY-----\\n\",\n  \"client_email\": \"gke-vm-sa@salma-youssef-project.iam.gserviceaccount.com\",\n  \"client_id\": \"106125580304236877052\",\n  \"auth_uri\": \"https://accounts.google.com/o/oauth2/auth\",\n  \"token_uri\": \"https://oauth2.googleapis.com/token\",\n  \"auth_provider_x509_cert_url\": \"https://www.googleapis.com/oauth2/v1/certs\",\n  \"client_x509_cert_url\": \"https://www.googleapis.com/robot/v1/metadata/x509/gke-vm-sa%40salma-youssef-project.iam.gserviceaccount.com\"\n}\n",
            "content_base64": null,
            "directory_permission": "0777",
            "file_permission": "0777",
            "filename": "../gke-vm-sa-key.json",
            "id": "a098f444aa5696e4e4701d3a1d6cdd44b27ca829",
            "sensitive_content": null,
            "source": null
          },
          "sensitive_attributes": [
            [
              {
                "type": "get_attr",
                "value": "content"
              }
            ]
          ],
          "dependencies": [
            "module.sa.google_service_account.sa",
            "module.sa.google_service_account_key.sa_key"
          ]
        }
      ]
    },
    {
      "module": "module.subnet",
      "mode": "managed",
      "type": "google_compute_subnetwork",
      "name": "management-subnet",
      "provider": "provider[\"registry.terraform.io/hashicorp/google\"]",
      "instances": [
        {
          "schema_version": 0,
          "attributes": {
            "creation_timestamp": "2023-02-08T08:10:21.724-08:00",
            "description": "",
            "external_ipv6_prefix": "",
            "fingerprint": null,
            "gateway_address": "10.0.0.1",
            "id": "projects/salma-youssef-project/regions/us-east1/subnetworks/management-subnet",
            "ip_cidr_range": "10.0.0.0/24",
            "ipv6_access_type": "",
            "ipv6_cidr_range": "",
            "log_config": [],
            "name": "management-subnet",
            "network": "https://www.googleapis.com/compute/v1/projects/salma-youssef-project/global/networks/my-vpc",
            "private_ip_google_access": true,
            "private_ipv6_google_access": "DISABLE_GOOGLE_ACCESS",
            "project": "salma-youssef-project",
            "purpose": "PRIVATE",
            "region": "us-east1",
            "role": "",
            "secondary_ip_range": [],
            "self_link": "https://www.googleapis.com/compute/v1/projects/salma-youssef-project/regions/us-east1/subnetworks/management-subnet",
            "stack_type": "IPV4_ONLY",
            "timeouts": null
          },
          "sensitive_attributes": [],
          "private": "eyJlMmJmYjczMC1lY2FhLTExZTYtOGY4OC0zNDM2M2JjN2M0YzAiOnsiY3JlYXRlIjoxMjAwMDAwMDAwMDAwLCJkZWxldGUiOjEyMDAwMDAwMDAwMDAsInVwZGF0ZSI6MTIwMDAwMDAwMDAwMH19",
          "dependencies": [
            "module.vpc.google_compute_network.main-vpc"
          ]
        }
      ]
    },
    {
      "module": "module.subnet",
      "mode": "managed",
      "type": "google_compute_subnetwork",
      "name": "restricted-subnet",
      "provider": "provider[\"registry.terraform.io/hashicorp/google\"]",
      "instances": [
        {
          "schema_version": 0,
          "attributes": {
            "creation_timestamp": "2023-02-08T08:10:22.170-08:00",
            "description": "",
            "external_ipv6_prefix": "",
            "fingerprint": null,
            "gateway_address": "10.0.1.1",
            "id": "projects/salma-youssef-project/regions/us-east4/subnetworks/restricted-subnet",
            "ip_cidr_range": "10.0.1.0/24",
            "ipv6_access_type": "",
            "ipv6_cidr_range": "",
            "log_config": [],
            "name": "restricted-subnet",
            "network": "https://www.googleapis.com/compute/v1/projects/salma-youssef-project/global/networks/my-vpc",
            "private_ip_google_access": true,
            "private_ipv6_google_access": "DISABLE_GOOGLE_ACCESS",
            "project": "salma-youssef-project",
            "purpose": "PRIVATE",
            "region": "us-east4",
            "role": "",
            "secondary_ip_range": [],
            "self_link": "https://www.googleapis.com/compute/v1/projects/salma-youssef-project/regions/us-east4/subnetworks/restricted-subnet",
            "stack_type": "IPV4_ONLY",
            "timeouts": null
          },
          "sensitive_attributes": [],
          "private": "eyJlMmJmYjczMC1lY2FhLTExZTYtOGY4OC0zNDM2M2JjN2M0YzAiOnsiY3JlYXRlIjoxMjAwMDAwMDAwMDAwLCJkZWxldGUiOjEyMDAwMDAwMDAwMDAsInVwZGF0ZSI6MTIwMDAwMDAwMDAwMH19",
          "dependencies": [
            "module.vpc.google_compute_network.main-vpc"
          ]
        }
      ]
    },
    {
      "module": "module.vm",
      "mode": "managed",
      "type": "google_compute_instance",
      "name": "private-vm",
      "provider": "provider[\"registry.terraform.io/hashicorp/google\"]",
      "instances": [
        {
          "schema_version": 6,
          "attributes": {
            "advanced_machine_features": [],
            "allow_stopping_for_update": null,
            "attached_disk": [],
            "boot_disk": [
              {
                "auto_delete": true,
                "device_name": "persistent-disk-0",
                "disk_encryption_key_raw": "",
                "disk_encryption_key_sha256": "",
                "initialize_params": [
                  {
                    "image": "https://www.googleapis.com/compute/v1/projects/debian-cloud/global/images/debian-11-bullseye-v20230206",
                    "labels": {},
                    "size": 10,
                    "type": "pd-standard"
                  }
                ],
                "kms_key_self_link": "",
                "mode": "READ_WRITE",
                "source": "https://www.googleapis.com/compute/v1/projects/salma-youssef-project/zones/us-east1-b/disks/private-vm"
              }
            ],
            "can_ip_forward": false,
            "confidential_instance_config": [],
            "cpu_platform": "Intel Haswell",
            "current_status": "RUNNING",
            "deletion_protection": false,
            "description": "",
            "desired_status": null,
            "enable_display": false,
            "guest_accelerator": [],
            "hostname": "",
            "id": "projects/salma-youssef-project/zones/us-east1-b/instances/private-vm",
            "instance_id": "5141015709766023036",
            "label_fingerprint": "42WmSpB8rSM=",
            "labels": {},
            "machine_type": "f1-micro",
            "metadata": {},
            "metadata_fingerprint": "cBwUyNlEdSw=",
            "metadata_startup_script": null,
            "min_cpu_platform": "",
            "name": "private-vm",
            "network_interface": [
              {
                "access_config": [],
                "alias_ip_range": [],
                "ipv6_access_config": [],
                "ipv6_access_type": "",
                "name": "nic0",
                "network": "https://www.googleapis.com/compute/v1/projects/salma-youssef-project/global/networks/my-vpc",
                "network_ip": "10.0.0.2",
                "nic_type": "",
                "queue_count": 0,
                "stack_type": "IPV4_ONLY",
                "subnetwork": "https://www.googleapis.com/compute/v1/projects/salma-youssef-project/regions/us-east1/subnetworks/management-subnet",
                "subnetwork_project": "salma-youssef-project"
              }
            ],
            "project": "salma-youssef-project",
            "reservation_affinity": [],
            "resource_policies": [],
            "scheduling": [
              {
                "automatic_restart": true,
                "instance_termination_action": "",
                "min_node_cpus": 0,
                "node_affinities": [],
                "on_host_maintenance": "MIGRATE",
                "preemptible": false,
                "provisioning_model": "STANDARD"
              }
            ],
            "scratch_disk": [],
            "self_link": "https://www.googleapis.com/compute/v1/projects/salma-youssef-project/zones/us-east1-b/instances/private-vm",
            "service_account": [
              {
                "email": "gke-vm-sa@salma-youssef-project.iam.gserviceaccount.com",
                "scopes": [
                  "https://www.googleapis.com/auth/cloud-platform"
                ]
              }
            ],
            "shielded_instance_config": [
              {
                "enable_integrity_monitoring": true,
                "enable_secure_boot": false,
                "enable_vtpm": true
              }
            ],
            "tags": [
              "private-vm"
            ],
            "tags_fingerprint": "t0YCq7AySBA=",
            "timeouts": null,
            "zone": "us-east1-b"
          },
          "sensitive_attributes": [],
          "private": "eyJlMmJmYjczMC1lY2FhLTExZTYtOGY4OC0zNDM2M2JjN2M0YzAiOnsiY3JlYXRlIjoxMjAwMDAwMDAwMDAwLCJkZWxldGUiOjEyMDAwMDAwMDAwMDAsInVwZGF0ZSI6MTIwMDAwMDAwMDAwMH0sInNjaGVtYV92ZXJzaW9uIjoiNiJ9",
          "dependencies": [
            "module.sa.google_service_account.sa",
            "module.subnet.google_compute_subnetwork.management-subnet",
            "module.vpc.google_compute_network.main-vpc"
          ]
        }
      ]
    },
    {
      "module": "module.vpc",
      "mode": "managed",
      "type": "google_compute_network",
      "name": "main-vpc",
      "provider": "provider[\"registry.terraform.io/hashicorp/google\"]",
      "instances": [
        {
          "schema_version": 0,
          "attributes": {
            "auto_create_subnetworks": false,
            "delete_default_routes_on_create": false,
            "description": "",
            "enable_ula_internal_ipv6": false,
            "gateway_ipv4": "",
            "id": "projects/salma-youssef-project/global/networks/my-vpc",
            "internal_ipv6_range": "",
            "mtu": 0,
            "name": "my-vpc",
            "project": "salma-youssef-project",
            "routing_mode": "REGIONAL",
            "self_link": "https://www.googleapis.com/compute/v1/projects/salma-youssef-project/global/networks/my-vpc",
            "timeouts": null
          },
          "sensitive_attributes": [],
          "private": "eyJlMmJmYjczMC1lY2FhLTExZTYtOGY4OC0zNDM2M2JjN2M0YzAiOnsiY3JlYXRlIjoxMjAwMDAwMDAwMDAwLCJkZWxldGUiOjEyMDAwMDAwMDAwMDAsInVwZGF0ZSI6MTIwMDAwMDAwMDAwMH19"
        }
      ]
    }
  ],
  "check_results": null
}
